# This file is generated by running "yarn install" inside your project.
# Manual changes might be lost - proceed with caution!

__metadata:
  version: 8
  cacheKey: 10c0

"@types/d3-array@npm:*":
  version: 3.2.1
  resolution: "@types/d3-array@npm:3.2.1"
  checksum: 10c0/38bf2c778451f4b79ec81a2288cb4312fe3d6449ecdf562970cc339b60f280f31c93a024c7ff512607795e79d3beb0cbda123bb07010167bce32927f71364bca
  languageName: node
  linkType: hard

"@types/d3-axis@npm:*":
  version: 3.0.6
  resolution: "@types/d3-axis@npm:3.0.6"
  dependencies:
    "@types/d3-selection": "npm:*"
  checksum: 10c0/d756d42360261f44d8eefd0950c5bb0a4f67a46dd92069da3f723ac36a1e8cb2b9ce6347d836ef19d5b8aef725dbcf8fdbbd6cfbff676ca4b0642df2f78b599a
  languageName: node
  linkType: hard

"@types/d3-brush@npm:*":
  version: 3.0.6
  resolution: "@types/d3-brush@npm:3.0.6"
  dependencies:
    "@types/d3-selection": "npm:*"
  checksum: 10c0/fd6e2ac7657a354f269f6b9c58451ffae9d01b89ccb1eb6367fd36d635d2f1990967215ab498e0c0679ff269429c57fad6a2958b68f4d45bc9f81d81672edc01
  languageName: node
  linkType: hard

"@types/d3-chord@npm:*":
  version: 3.0.6
  resolution: "@types/d3-chord@npm:3.0.6"
  checksum: 10c0/c5a25eb5389db01e63faec0c5c2ec7cc41c494e9b3201630b494c4e862a60f1aa83fabbc33a829e7e1403941e3c30d206c741559b14406ac2a4239cfdf4b4c17
  languageName: node
  linkType: hard

"@types/d3-color@npm:*":
  version: 3.1.3
  resolution: "@types/d3-color@npm:3.1.3"
  checksum: 10c0/65eb0487de606eb5ad81735a9a5b3142d30bc5ea801ed9b14b77cb14c9b909f718c059f13af341264ee189acf171508053342142bdf99338667cea26a2d8d6ae
  languageName: node
  linkType: hard

"@types/d3-contour@npm:*":
  version: 3.0.6
  resolution: "@types/d3-contour@npm:3.0.6"
  dependencies:
    "@types/d3-array": "npm:*"
    "@types/geojson": "npm:*"
  checksum: 10c0/e7d83e94719af4576ceb5ac7f277c5806f83ba6c3631744ae391cffc3641f09dfa279470b83053cd0b2acd6784e8749c71141d05bdffa63ca58ffb5b31a0f27c
  languageName: node
  linkType: hard

"@types/d3-delaunay@npm:*":
  version: 6.0.4
  resolution: "@types/d3-delaunay@npm:6.0.4"
  checksum: 10c0/d154a8864f08c4ea23ecb9bdabcef1c406a25baa8895f0cb08a0ed2799de0d360e597552532ce7086ff0cdffa8f3563f9109d18f0191459d32bb620a36939123
  languageName: node
  linkType: hard

"@types/d3-dispatch@npm:*":
  version: 3.0.7
  resolution: "@types/d3-dispatch@npm:3.0.7"
  checksum: 10c0/38c6605ebf0bf0099dfb70eafe0dd4ae8213368b40b8f930b72a909ff2e7259d2bd8a54d100bb5a44eb4b36f4f2a62dcb37f8be59613ca6b507c7a2f910b3145
  languageName: node
  linkType: hard

"@types/d3-drag@npm:*":
  version: 3.0.7
  resolution: "@types/d3-drag@npm:3.0.7"
  dependencies:
    "@types/d3-selection": "npm:*"
  checksum: 10c0/65e29fa32a87c72d26c44b5e2df3bf15af21cd128386bcc05bcacca255927c0397d0cd7e6062aed5f0abd623490544a9d061c195f5ed9f018fe0b698d99c079d
  languageName: node
  linkType: hard

"@types/d3-dsv@npm:*":
  version: 3.0.7
  resolution: "@types/d3-dsv@npm:3.0.7"
  checksum: 10c0/c0f01da862465594c8a28278b51c850af3b4239cc22b14fd1a19d7a98f93d94efa477bf59d8071beb285dca45bf614630811451e18e7c52add3a0abfee0a1871
  languageName: node
  linkType: hard

"@types/d3-ease@npm:*":
  version: 3.0.2
  resolution: "@types/d3-ease@npm:3.0.2"
  checksum: 10c0/aff5a1e572a937ee9bff6465225d7ba27d5e0c976bd9eacdac2e6f10700a7cb0c9ea2597aff6b43a6ed850a3210030870238894a77ec73e309b4a9d0333f099c
  languageName: node
  linkType: hard

"@types/d3-fetch@npm:*":
  version: 3.0.7
  resolution: "@types/d3-fetch@npm:3.0.7"
  dependencies:
    "@types/d3-dsv": "npm:*"
  checksum: 10c0/3d147efa52a26da1a5d40d4d73e6cebaaa964463c378068062999b93ea3731b27cc429104c21ecbba98c6090e58ef13429db6399238c5e3500162fb3015697a0
  languageName: node
  linkType: hard

"@types/d3-force@npm:*":
  version: 3.0.10
  resolution: "@types/d3-force@npm:3.0.10"
  checksum: 10c0/c82b459079a106b50e346c9b79b141f599f2fc4f598985a5211e72c7a2e20d35bd5dc6e91f306b323c8bfa325c02c629b1645f5243f1c6a55bd51bc85cccfa92
  languageName: node
  linkType: hard

"@types/d3-format@npm:*":
  version: 3.0.4
  resolution: "@types/d3-format@npm:3.0.4"
  checksum: 10c0/3ac1600bf9061a59a228998f7cd3f29e85cbf522997671ba18d4d84d10a2a1aff4f95aceb143fa9960501c3ec351e113fc75884e6a504ace44dc1744083035ee
  languageName: node
  linkType: hard

"@types/d3-geo@npm:*":
  version: 3.1.0
  resolution: "@types/d3-geo@npm:3.1.0"
  dependencies:
    "@types/geojson": "npm:*"
  checksum: 10c0/3745a93439038bb5b0b38facf435f7079812921d46406f5d38deaee59e90084ff742443c7ea0a8446df81a0d81eaf622fe7068cf4117a544bd4aa3b2dc182f88
  languageName: node
  linkType: hard

"@types/d3-hierarchy@npm:*":
  version: 3.1.7
  resolution: "@types/d3-hierarchy@npm:3.1.7"
  checksum: 10c0/873711737d6b8e7b6f1dda0bcd21294a48f75024909ae510c5d2c21fad2e72032e0958def4d9f68319d3aaac298ad09c49807f8bfc87a145a82693b5208613c7
  languageName: node
  linkType: hard

"@types/d3-interpolate@npm:*":
  version: 3.0.4
  resolution: "@types/d3-interpolate@npm:3.0.4"
  dependencies:
    "@types/d3-color": "npm:*"
  checksum: 10c0/066ebb8da570b518dd332df6b12ae3b1eaa0a7f4f0c702e3c57f812cf529cc3500ec2aac8dc094f31897790346c6b1ebd8cd7a077176727f4860c2b181a65ca4
  languageName: node
  linkType: hard

"@types/d3-path@npm:*":
  version: 3.1.1
  resolution: "@types/d3-path@npm:3.1.1"
  checksum: 10c0/2c36eb31ebaf2ce4712e793fd88087117976f7c4ed69cc2431825f999c8c77cca5cea286f3326432b770739ac6ccd5d04d851eb65e7a4dbcc10c982b49ad2c02
  languageName: node
  linkType: hard

"@types/d3-polygon@npm:*":
  version: 3.0.2
  resolution: "@types/d3-polygon@npm:3.0.2"
  checksum: 10c0/f46307bb32b6c2aef8c7624500e0f9b518de8f227ccc10170b869dc43e4c542560f6c8d62e9f087fac45e198d6e4b623e579c0422e34c85baf56717456d3f439
  languageName: node
  linkType: hard

"@types/d3-quadtree@npm:*":
  version: 3.0.6
  resolution: "@types/d3-quadtree@npm:3.0.6"
  checksum: 10c0/7eaa0a4d404adc856971c9285e1c4ab17e9135ea669d847d6db7e0066126a28ac751864e7ce99c65d526e130f56754a2e437a1617877098b3bdcc3ef23a23616
  languageName: node
  linkType: hard

"@types/d3-random@npm:*":
  version: 3.0.3
  resolution: "@types/d3-random@npm:3.0.3"
  checksum: 10c0/5f4fea40080cd6d4adfee05183d00374e73a10c530276a6455348983dda341003a251def28565a27c25d9cf5296a33e870e397c9d91ff83fb7495a21c96b6882
  languageName: node
  linkType: hard

"@types/d3-scale-chromatic@npm:*":
  version: 3.1.0
  resolution: "@types/d3-scale-chromatic@npm:3.1.0"
  checksum: 10c0/93c564e02d2e97a048e18fe8054e4a935335da6ab75a56c3df197beaa87e69122eef0dfbeb7794d4a444a00e52e3123514ee27cec084bd21f6425b7037828cc2
  languageName: node
  linkType: hard

"@types/d3-scale@npm:*":
  version: 4.0.9
  resolution: "@types/d3-scale@npm:4.0.9"
  dependencies:
    "@types/d3-time": "npm:*"
  checksum: 10c0/4ac44233c05cd50b65b33ecb35d99fdf07566bcdbc55bc1306b2f27d1c5134d8c560d356f2c8e76b096e9125ffb8d26d95f78d56e210d1c542cb255bdf31d6c8
  languageName: node
  linkType: hard

"@types/d3-selection@npm:*":
  version: 3.0.11
  resolution: "@types/d3-selection@npm:3.0.11"
  checksum: 10c0/0c512956c7503ff5def4bb32e0c568cc757b9a2cc400a104fc0f4cfe5e56d83ebde2a97821b6f2cb26a7148079d3b86a2f28e11d68324ed311cf35c2ed980d1d
  languageName: node
  linkType: hard

"@types/d3-shape@npm:*":
  version: 3.1.7
  resolution: "@types/d3-shape@npm:3.1.7"
  dependencies:
    "@types/d3-path": "npm:*"
  checksum: 10c0/38e59771c1c4c83b67aa1f941ce350410522a149d2175832fdc06396b2bb3b2c1a2dd549e0f8230f9f24296ee5641a515eaf10f55ee1ef6c4f83749e2dd7dcfd
  languageName: node
  linkType: hard

"@types/d3-time-format@npm:*":
  version: 4.0.3
  resolution: "@types/d3-time-format@npm:4.0.3"
  checksum: 10c0/9ef5e8e2b96b94799b821eed5d61a3d432c7903247966d8ad951b8ce5797fe46554b425cb7888fa5bf604b4663c369d7628c0328ffe80892156671c58d1a7f90
  languageName: node
  linkType: hard

"@types/d3-time@npm:*":
  version: 3.0.4
  resolution: "@types/d3-time@npm:3.0.4"
  checksum: 10c0/6d9e2255d63f7a313a543113920c612e957d70da4fb0890931da6c2459010291b8b1f95e149a538500c1c99e7e6c89ffcce5554dd29a31ff134a38ea94b6d174
  languageName: node
  linkType: hard

"@types/d3-timer@npm:*":
  version: 3.0.2
  resolution: "@types/d3-timer@npm:3.0.2"
  checksum: 10c0/c644dd9571fcc62b1aa12c03bcad40571553020feeb5811f1d8a937ac1e65b8a04b759b4873aef610e28b8714ac71c9885a4d6c127a048d95118f7e5b506d9e1
  languageName: node
  linkType: hard

"@types/d3-transition@npm:*":
  version: 3.0.9
  resolution: "@types/d3-transition@npm:3.0.9"
  dependencies:
    "@types/d3-selection": "npm:*"
  checksum: 10c0/4f68b9df7ac745b3491216c54203cbbfa0f117ae4c60e2609cdef2db963582152035407fdff995b10ee383bae2f05b7743493f48e1b8e46df54faa836a8fb7b5
  languageName: node
  linkType: hard

"@types/d3-zoom@npm:*":
  version: 3.0.8
  resolution: "@types/d3-zoom@npm:3.0.8"
  dependencies:
    "@types/d3-interpolate": "npm:*"
    "@types/d3-selection": "npm:*"
  checksum: 10c0/1dbdbcafddcae12efb5beb6948546963f29599e18bc7f2a91fb69cc617c2299a65354f2d47e282dfb86fec0968406cd4fb7f76ba2d2fb67baa8e8d146eb4a547
  languageName: node
  linkType: hard

"@types/d3@npm:^7":
  version: 7.4.3
  resolution: "@types/d3@npm:7.4.3"
  dependencies:
    "@types/d3-array": "npm:*"
    "@types/d3-axis": "npm:*"
    "@types/d3-brush": "npm:*"
    "@types/d3-chord": "npm:*"
    "@types/d3-color": "npm:*"
    "@types/d3-contour": "npm:*"
    "@types/d3-delaunay": "npm:*"
    "@types/d3-dispatch": "npm:*"
    "@types/d3-drag": "npm:*"
    "@types/d3-dsv": "npm:*"
    "@types/d3-ease": "npm:*"
    "@types/d3-fetch": "npm:*"
    "@types/d3-force": "npm:*"
    "@types/d3-format": "npm:*"
    "@types/d3-geo": "npm:*"
    "@types/d3-hierarchy": "npm:*"
    "@types/d3-interpolate": "npm:*"
    "@types/d3-path": "npm:*"
    "@types/d3-polygon": "npm:*"
    "@types/d3-quadtree": "npm:*"
    "@types/d3-random": "npm:*"
    "@types/d3-scale": "npm:*"
    "@types/d3-scale-chromatic": "npm:*"
    "@types/d3-selection": "npm:*"
    "@types/d3-shape": "npm:*"
    "@types/d3-time": "npm:*"
    "@types/d3-time-format": "npm:*"
    "@types/d3-timer": "npm:*"
    "@types/d3-transition": "npm:*"
    "@types/d3-zoom": "npm:*"
  checksum: 10c0/a9c6d65b13ef3b42c87f2a89ea63a6d5640221869f97d0657b0cb2f1dac96a0f164bf5605643c0794e0de3aa2bf05df198519aaf15d24ca135eb0e8bd8a9d879
  languageName: node
  linkType: hard

"@types/geojson@npm:*":
  version: 7946.0.16
  resolution: "@types/geojson@npm:7946.0.16"
  checksum: 10c0/1ff24a288bd5860b766b073ead337d31d73bdc715e5b50a2cee5cb0af57a1ed02cc04ef295f5fa68dc40fe3e4f104dd31282b2b818a5ba3231bc1001ba084e3c
  languageName: node
  linkType: hard

"commander@npm:7":
  version: 7.2.0
  resolution: "commander@npm:7.2.0"
  checksum: 10c0/8d690ff13b0356df7e0ebbe6c59b4712f754f4b724d4f473d3cc5b3fdcf978e3a5dc3078717858a2ceb50b0f84d0660a7f22a96cdc50fb877d0c9bb31593d23a
  languageName: node
  linkType: hard

"d3-array@npm:2 - 3, d3-array@npm:2.10.0 - 3, d3-array@npm:2.5.0 - 3, d3-array@npm:3, d3-array@npm:^3.2.0":
  version: 3.2.4
  resolution: "d3-array@npm:3.2.4"
  dependencies:
    internmap: "npm:1 - 2"
  checksum: 10c0/08b95e91130f98c1375db0e0af718f4371ccacef7d5d257727fe74f79a24383e79aba280b9ffae655483ffbbad4fd1dec4ade0119d88c4749f388641c8bf8c50
  languageName: node
  linkType: hard

"d3-axis@npm:3":
  version: 3.0.0
  resolution: "d3-axis@npm:3.0.0"
  checksum: 10c0/a271e70ba1966daa5aaf6a7f959ceca3e12997b43297e757c7b945db2e1ead3c6ee226f2abcfa22abbd4e2e28bd2b71a0911794c4e5b911bbba271328a582c78
  languageName: node
  linkType: hard

"d3-brush@npm:3":
  version: 3.0.0
  resolution: "d3-brush@npm:3.0.0"
  dependencies:
    d3-dispatch: "npm:1 - 3"
    d3-drag: "npm:2 - 3"
    d3-interpolate: "npm:1 - 3"
    d3-selection: "npm:3"
    d3-transition: "npm:3"
  checksum: 10c0/07baf00334c576da2f68a91fc0da5732c3a5fa19bd3d7aed7fd24d1d674a773f71a93e9687c154176f7246946194d77c48c2d8fed757f5dcb1a4740067ec50a8
  languageName: node
  linkType: hard

"d3-chord@npm:3":
  version: 3.0.1
  resolution: "d3-chord@npm:3.0.1"
  dependencies:
    d3-path: "npm:1 - 3"
  checksum: 10c0/baa6013914af3f4fe1521f0d16de31a38eb8a71d08ff1dec4741f6f45a828661e5cd3935e39bd14e3032bdc78206c283ca37411da21d46ec3cfc520be6e7a7ce
  languageName: node
  linkType: hard

"d3-color@npm:1 - 3, d3-color@npm:3":
  version: 3.1.0
  resolution: "d3-color@npm:3.1.0"
  checksum: 10c0/a4e20e1115fa696fce041fbe13fbc80dc4c19150fa72027a7c128ade980bc0eeeba4bcf28c9e21f0bce0e0dbfe7ca5869ef67746541dcfda053e4802ad19783c
  languageName: node
  linkType: hard

"d3-contour@npm:4":
  version: 4.0.2
  resolution: "d3-contour@npm:4.0.2"
  dependencies:
    d3-array: "npm:^3.2.0"
  checksum: 10c0/98bc5fbed6009e08707434a952076f39f1cd6ed8b9288253cc3e6a3286e4e80c63c62d84954b20e64bf6e4ededcc69add54d3db25e990784a59c04edd3449032
  languageName: node
  linkType: hard

"d3-delaunay@npm:6":
  version: 6.0.4
  resolution: "d3-delaunay@npm:6.0.4"
  dependencies:
    delaunator: "npm:5"
  checksum: 10c0/57c3aecd2525664b07c4c292aa11cf49b2752c0cf3f5257f752999399fe3c592de2d418644d79df1f255471eec8057a9cc0c3062ed7128cb3348c45f69597754
  languageName: node
  linkType: hard

"d3-dispatch@npm:1 - 3, d3-dispatch@npm:3":
  version: 3.0.1
  resolution: "d3-dispatch@npm:3.0.1"
  checksum: 10c0/6eca77008ce2dc33380e45d4410c67d150941df7ab45b91d116dbe6d0a3092c0f6ac184dd4602c796dc9e790222bad3ff7142025f5fd22694efe088d1d941753
  languageName: node
  linkType: hard

"d3-drag@npm:2 - 3, d3-drag@npm:3":
  version: 3.0.0
  resolution: "d3-drag@npm:3.0.0"
  dependencies:
    d3-dispatch: "npm:1 - 3"
    d3-selection: "npm:3"
  checksum: 10c0/d2556e8dc720741a443b595a30af403dd60642dfd938d44d6e9bfc4c71a962142f9a028c56b61f8b4790b65a34acad177d1263d66f103c3c527767b0926ef5aa
  languageName: node
  linkType: hard

"d3-dsv@npm:1 - 3, d3-dsv@npm:3":
  version: 3.0.1
  resolution: "d3-dsv@npm:3.0.1"
  dependencies:
    commander: "npm:7"
    iconv-lite: "npm:0.6"
    rw: "npm:1"
  bin:
    csv2json: bin/dsv2json.js
    csv2tsv: bin/dsv2dsv.js
    dsv2dsv: bin/dsv2dsv.js
    dsv2json: bin/dsv2json.js
    json2csv: bin/json2dsv.js
    json2dsv: bin/json2dsv.js
    json2tsv: bin/json2dsv.js
    tsv2csv: bin/dsv2dsv.js
    tsv2json: bin/dsv2json.js
  checksum: 10c0/10e6af9e331950ed258f34ab49ac1b7060128ef81dcf32afc790bd1f7e8c3cc2aac7f5f875250a83f21f39bb5925fbd0872bb209f8aca32b3b77d32bab8a65ab
  languageName: node
  linkType: hard

"d3-ease@npm:1 - 3, d3-ease@npm:3":
  version: 3.0.1
  resolution: "d3-ease@npm:3.0.1"
  checksum: 10c0/fec8ef826c0cc35cda3092c6841e07672868b1839fcaf556e19266a3a37e6bc7977d8298c0fcb9885e7799bfdcef7db1baaba9cd4dcf4bc5e952cf78574a88b0
  languageName: node
  linkType: hard

"d3-fetch@npm:3":
  version: 3.0.1
  resolution: "d3-fetch@npm:3.0.1"
  dependencies:
    d3-dsv: "npm:1 - 3"
  checksum: 10c0/4f467a79bf290395ac0cbb5f7562483f6a18668adc4c8eb84c9d3eff048b6f6d3b6f55079ba1ebf1908dabe000c941d46be447f8d78453b2dad5fb59fb6aa93b
  languageName: node
  linkType: hard

"d3-force@npm:3":
  version: 3.0.0
  resolution: "d3-force@npm:3.0.0"
  dependencies:
    d3-dispatch: "npm:1 - 3"
    d3-quadtree: "npm:1 - 3"
    d3-timer: "npm:1 - 3"
  checksum: 10c0/220a16a1a1ac62ba56df61028896e4b52be89c81040d20229c876efc8852191482c233f8a52bb5a4e0875c321b8e5cb6413ef3dfa4d8fe79eeb7d52c587f52cf
  languageName: node
  linkType: hard

"d3-format@npm:1 - 3, d3-format@npm:3":
  version: 3.1.0
  resolution: "d3-format@npm:3.1.0"
  checksum: 10c0/049f5c0871ebce9859fc5e2f07f336b3c5bfff52a2540e0bac7e703fce567cd9346f4ad1079dd18d6f1e0eaa0599941c1810898926f10ac21a31fd0a34b4aa75
  languageName: node
  linkType: hard

"d3-geo@npm:3":
  version: 3.1.1
  resolution: "d3-geo@npm:3.1.1"
  dependencies:
    d3-array: "npm:2.5.0 - 3"
  checksum: 10c0/d32270dd2dc8ac3ea63e8805d63239c4c8ec6c0d339d73b5e5a30a87f8f54db22a78fb434369799465eae169503b25f9a107c642c8a16c32a3285bc0e6d8e8c1
  languageName: node
  linkType: hard

"d3-hierarchy@npm:3":
  version: 3.1.2
  resolution: "d3-hierarchy@npm:3.1.2"
  checksum: 10c0/6dcdb480539644aa7fc0d72dfc7b03f99dfbcdf02714044e8c708577e0d5981deb9d3e99bbbb2d26422b55bcc342ac89a0fa2ea6c9d7302e2fc0951dd96f89cf
  languageName: node
  linkType: hard

"d3-interpolate@npm:1 - 3, d3-interpolate@npm:1.2.0 - 3, d3-interpolate@npm:3":
  version: 3.0.1
  resolution: "d3-interpolate@npm:3.0.1"
  dependencies:
    d3-color: "npm:1 - 3"
  checksum: 10c0/19f4b4daa8d733906671afff7767c19488f51a43d251f8b7f484d5d3cfc36c663f0a66c38fe91eee30f40327443d799be17169f55a293a3ba949e84e57a33e6a
  languageName: node
  linkType: hard

"d3-path@npm:1 - 3, d3-path@npm:3, d3-path@npm:^3.1.0":
  version: 3.1.0
  resolution: "d3-path@npm:3.1.0"
  checksum: 10c0/dc1d58ec87fa8319bd240cf7689995111a124b141428354e9637aa83059eb12e681f77187e0ada5dedfce346f7e3d1f903467ceb41b379bfd01cd8e31721f5da
  languageName: node
  linkType: hard

"d3-polygon@npm:3":
  version: 3.0.1
  resolution: "d3-polygon@npm:3.0.1"
  checksum: 10c0/e236aa7f33efa9a4072907af7dc119f85b150a0716759d4fe5f12f62573018264a6cbde8617fbfa6944a7ae48c1c0c8d3f39ae72e11f66dd471e9b5e668385df
  languageName: node
  linkType: hard

"d3-quadtree@npm:1 - 3, d3-quadtree@npm:3":
  version: 3.0.1
  resolution: "d3-quadtree@npm:3.0.1"
  checksum: 10c0/18302d2548bfecaef788152397edec95a76400fd97d9d7f42a089ceb68d910f685c96579d74e3712d57477ed042b056881b47cd836a521de683c66f47ce89090
  languageName: node
  linkType: hard

"d3-random@npm:3":
  version: 3.0.1
  resolution: "d3-random@npm:3.0.1"
  checksum: 10c0/987a1a1bcbf26e6cf01fd89d5a265b463b2cea93560fc17d9b1c45e8ed6ff2db5924601bcceb808de24c94133f000039eb7fa1c469a7a844ccbf1170cbb25b41
  languageName: node
  linkType: hard

"d3-scale-chromatic@npm:3":
  version: 3.1.0
  resolution: "d3-scale-chromatic@npm:3.1.0"
  dependencies:
    d3-color: "npm:1 - 3"
    d3-interpolate: "npm:1 - 3"
  checksum: 10c0/9a3f4671ab0b971f4a411b42180d7cf92bfe8e8584e637ce7e698d705e18d6d38efbd20ec64f60cc0dfe966c20d40fc172565bc28aaa2990c0a006360eed91af
  languageName: node
  linkType: hard

"d3-scale@npm:4":
  version: 4.0.2
  resolution: "d3-scale@npm:4.0.2"
  dependencies:
    d3-array: "npm:2.10.0 - 3"
    d3-format: "npm:1 - 3"
    d3-interpolate: "npm:1.2.0 - 3"
    d3-time: "npm:2.1.1 - 3"
    d3-time-format: "npm:2 - 4"
  checksum: 10c0/65d9ad8c2641aec30ed5673a7410feb187a224d6ca8d1a520d68a7d6eac9d04caedbff4713d1e8545be33eb7fec5739983a7ab1d22d4e5ad35368c6729d362f1
  languageName: node
  linkType: hard

"d3-selection@npm:2 - 3, d3-selection@npm:3":
  version: 3.0.0
  resolution: "d3-selection@npm:3.0.0"
  checksum: 10c0/e59096bbe8f0cb0daa1001d9bdd6dbc93a688019abc97d1d8b37f85cd3c286a6875b22adea0931b0c88410d025563e1643019161a883c516acf50c190a11b56b
  languageName: node
  linkType: hard

"d3-shape@npm:3":
  version: 3.2.0
  resolution: "d3-shape@npm:3.2.0"
  dependencies:
    d3-path: "npm:^3.1.0"
  checksum: 10c0/f1c9d1f09926daaf6f6193ae3b4c4b5521e81da7d8902d24b38694517c7f527ce3c9a77a9d3a5722ad1e3ff355860b014557b450023d66a944eabf8cfde37132
  languageName: node
  linkType: hard

"d3-time-format@npm:2 - 4, d3-time-format@npm:4":
  version: 4.1.0
  resolution: "d3-time-format@npm:4.1.0"
  dependencies:
    d3-time: "npm:1 - 3"
  checksum: 10c0/735e00fb25a7fd5d418fac350018713ae394eefddb0d745fab12bbff0517f9cdb5f807c7bbe87bb6eeb06249662f8ea84fec075f7d0cd68609735b2ceb29d206
  languageName: node
  linkType: hard

"d3-time@npm:1 - 3, d3-time@npm:2.1.1 - 3, d3-time@npm:3":
  version: 3.1.0
  resolution: "d3-time@npm:3.1.0"
  dependencies:
    d3-array: "npm:2 - 3"
  checksum: 10c0/a984f77e1aaeaa182679b46fbf57eceb6ebdb5f67d7578d6f68ef933f8eeb63737c0949991618a8d29472dbf43736c7d7f17c452b2770f8c1271191cba724ca1
  languageName: node
  linkType: hard

"d3-timer@npm:1 - 3, d3-timer@npm:3":
  version: 3.0.1
  resolution: "d3-timer@npm:3.0.1"
  checksum: 10c0/d4c63cb4bb5461d7038aac561b097cd1c5673969b27cbdd0e87fa48d9300a538b9e6f39b4a7f0e3592ef4f963d858c8a9f0e92754db73116770856f2fc04561a
  languageName: node
  linkType: hard

"d3-transition@npm:2 - 3, d3-transition@npm:3":
  version: 3.0.1
  resolution: "d3-transition@npm:3.0.1"
  dependencies:
    d3-color: "npm:1 - 3"
    d3-dispatch: "npm:1 - 3"
    d3-ease: "npm:1 - 3"
    d3-interpolate: "npm:1 - 3"
    d3-timer: "npm:1 - 3"
  peerDependencies:
    d3-selection: 2 - 3
  checksum: 10c0/4e74535dda7024aa43e141635b7522bb70cf9d3dfefed975eb643b36b864762eca67f88fafc2ca798174f83ca7c8a65e892624f824b3f65b8145c6a1a88dbbad
  languageName: node
  linkType: hard

"d3-zoom@npm:3":
  version: 3.0.0
  resolution: "d3-zoom@npm:3.0.0"
  dependencies:
    d3-dispatch: "npm:1 - 3"
    d3-drag: "npm:2 - 3"
    d3-interpolate: "npm:1 - 3"
    d3-selection: "npm:2 - 3"
    d3-transition: "npm:2 - 3"
  checksum: 10c0/ee2036479049e70d8c783d594c444fe00e398246048e3f11a59755cd0e21de62ece3126181b0d7a31bf37bcf32fd726f83ae7dea4495ff86ec7736ce5ad36fd3
  languageName: node
  linkType: hard

"d3@npm:^7.9.0":
  version: 7.9.0
  resolution: "d3@npm:7.9.0"
  dependencies:
    d3-array: "npm:3"
    d3-axis: "npm:3"
    d3-brush: "npm:3"
    d3-chord: "npm:3"
    d3-color: "npm:3"
    d3-contour: "npm:4"
    d3-delaunay: "npm:6"
    d3-dispatch: "npm:3"
    d3-drag: "npm:3"
    d3-dsv: "npm:3"
    d3-ease: "npm:3"
    d3-fetch: "npm:3"
    d3-force: "npm:3"
    d3-format: "npm:3"
    d3-geo: "npm:3"
    d3-hierarchy: "npm:3"
    d3-interpolate: "npm:3"
    d3-path: "npm:3"
    d3-polygon: "npm:3"
    d3-quadtree: "npm:3"
    d3-random: "npm:3"
    d3-scale: "npm:4"
    d3-scale-chromatic: "npm:3"
    d3-selection: "npm:3"
    d3-shape: "npm:3"
    d3-time: "npm:3"
    d3-time-format: "npm:4"
    d3-timer: "npm:3"
    d3-transition: "npm:3"
    d3-zoom: "npm:3"
  checksum: 10c0/3dd9c08c73cfaa69c70c49e603c85e049c3904664d9c79a1a52a0f52795828a1ff23592dc9a7b2257e711d68a615472a13103c212032f38e016d609796e087e8
  languageName: node
  linkType: hard

"delaunator@npm:5":
  version: 5.0.1
  resolution: "delaunator@npm:5.0.1"
  dependencies:
    robust-predicates: "npm:^3.0.2"
  checksum: 10c0/3d7ea4d964731c5849af33fec0a271bc6753487b331fd7d43ccb17d77834706e1c383e6ab8fda0032da955e7576d1083b9603cdaf9cbdfd6b3ebd1fb8bb675a5
  languageName: node
  linkType: hard

"grignard@workspace:.":
  version: 0.0.0-use.local
  resolution: "grignard@workspace:."
  dependencies:
    "@types/d3": "npm:^7"
    d3: "npm:^7.9.0"
    typescript: "npm:^5.3.3"
  languageName: unknown
  linkType: soft

"iconv-lite@npm:0.6":
  version: 0.6.3
  resolution: "iconv-lite@npm:0.6.3"
  dependencies:
    safer-buffer: "npm:>= 2.1.2 < 3.0.0"
  checksum: 10c0/98102bc66b33fcf5ac044099d1257ba0b7ad5e3ccd3221f34dd508ab4070edff183276221684e1e0555b145fce0850c9f7d2b60a9fcac50fbb4ea0d6e845a3b1
  languageName: node
  linkType: hard

"internmap@npm:1 - 2":
  version: 2.0.3
  resolution: "internmap@npm:2.0.3"
  checksum: 10c0/8cedd57f07bbc22501516fbfc70447f0c6812871d471096fad9ea603516eacc2137b633633daf432c029712df0baefd793686388ddf5737e3ea15074b877f7ed
  languageName: node
  linkType: hard

"robust-predicates@npm:^3.0.2":
  version: 3.0.2
  resolution: "robust-predicates@npm:3.0.2"
  checksum: 10c0/4ecd53649f1c2d49529c85518f2fa69ffb2f7a4453f7fd19c042421c7b4d76c3efb48bc1c740c8f7049346d7cb58cf08ee0c9adaae595cc23564d360adb1fde4
  languageName: node
  linkType: hard

"rw@npm:1":
  version: 1.3.3
  resolution: "rw@npm:1.3.3"
  checksum: 10c0/b1e1ef37d1e79d9dc7050787866e30b6ddcb2625149276045c262c6b4d53075ddc35f387a856a8e76f0d0df59f4cd58fe24707e40797ebee66e542b840ed6a53
  languageName: node
  linkType: hard

"safer-buffer@npm:>= 2.1.2 < 3.0.0":
  version: 2.1.2
  resolution: "safer-buffer@npm:2.1.2"
  checksum: 10c0/7e3c8b2e88a1841c9671094bbaeebd94448111dd90a81a1f606f3f67708a6ec57763b3b47f06da09fc6054193e0e6709e77325415dc8422b04497a8070fa02d4
  languageName: node
  linkType: hard

"typescript@npm:^5.3.3":
  version: 5.3.3
  resolution: "typescript@npm:5.3.3"
  bin:
    tsc: bin/tsc
    tsserver: bin/tsserver
  checksum: 10c0/e33cef99d82573624fc0f854a2980322714986bc35b9cb4d1ce736ed182aeab78e2cb32b385efa493b2a976ef52c53e20d6c6918312353a91850e2b76f1ea44f
  languageName: node
  linkType: hard

"typescript@patch:typescript@npm%3A^5.3.3#optional!builtin<compat/typescript>":
  version: 5.3.3
  resolution: "typescript@patch:typescript@npm%3A5.3.3#optional!builtin<compat/typescript>::version=5.3.3&hash=e012d7"
  bin:
    tsc: bin/tsc
    tsserver: bin/tsserver
  checksum: 10c0/1d0a5f4ce496c42caa9a30e659c467c5686eae15d54b027ee7866744952547f1be1262f2d40de911618c242b510029d51d43ff605dba8fb740ec85ca2d3f9500
  languageName: node
  linkType: hard
